# This file is autogenerated, do not edit; changes may be undone by the next 'dep ensure'.


[[projects]]
  digest = "1:04eb3b4789c2e16d2e34a569d73e4100ecc4788f93db095059c82e3197bd82f9"
  name = "github.com/deanishe/awgo"
  packages = [
    ".",
    "fuzzy",
    "update",
    "util",
  ]
  pruneopts = "UT"
  revision = "fda4e59dbe6936fed9f4864b8f45cd18ad2c933c"
  version = "v0.15.0"

[[projects]]
  digest = "1:8029e9743749d4be5bc9f7d42ea1659471767860f0cdc34d37c3111bd308a295"
  name = "golang.org/x/text"
  packages = [
    "internal/gen",
    "internal/triegen",
    "internal/ucd",
    "transform",
    "unicode/cldr",
    "unicode/norm",
  ]
  pruneopts = "UT"
  revision = "f21a4dfb5e38f5895301dc265a8def02365cc3d0"
  version = "v0.3.0"

[solve-meta]
  analyzer-name = "dep"
  analyzer-version = 1
  input-imports = [
    "github.com/deanishe/awgo",
    "github.com/deanishe/awgo/update",
  ]
  solver-name = "gps-cdcl"
  solver-version = 1
